
Microsoft Visual Studio Solution File, Format Version 12.00
# Visual Studio Version 17
VisualStudioVersion = 17.5.33530.505
MinimumVisualStudioVersion = 10.0.40219.1
Project("{FAE04EC0-301F-11D3-BF4B-00C04F79EFBC}") = "Lab4", "Lab4\Lab4.csproj", "{52AD38F8-9014-4A82-A656-D1CB606C35FB}"
EndProject
Global
	GlobalSection(SolutionConfigurationPlatforms) = preSolution
		Debug|Any CPU = Debug|Any CPU
		Release|Any CPU = Release|Any CPU
	EndGlobalSection
	GlobalSection(ProjectConfigurationPlatforms) = postSolution
		{52AD38F8-9014-4A82-A656-D1CB606C35FB}.Debug|Any CPU.ActiveCfg = Debug|Any CPU
		{52AD38F8-9014-4A82-A656-D1CB606C35FB}.Debug|Any CPU.Build.0 = Debug|Any CPU
		{52AD38F8-9014-4A82-A656-D1CB606C35FB}.Release|Any CPU.ActiveCfg = Release|Any CPU
		{52AD38F8-9014-4A82-A656-D1CB606C35FB}.Release|Any CPU.Build.0 = Release|Any CPU
	EndGlobalSection
	GlobalSection(SolutionProperties) = preSolution
		HideSolutionNode = FALSE
	EndGlobalSection
	GlobalSection(ExtensibilityGlobals) = postSolution
		SolutionGuid = {44E28809-3F22-4ABC-973B-05A60E79EC8A}
	EndGlobalSection
EndGlobal
